// !$*UTF8*$!
{
	archiveVersion = 1;
	classes = {
	};
	objectVersion = 46;
	objects = {

/* Begin PBXBuildFile section */
		4D359BAD1BFA121B005A8AB8 /* CompletionTarget.swift in Sources */ = {isa = PBXBuildFile; fileRef = 4D359BAC1BFA121A005A8AB8 /* CompletionTarget.swift */; };
		4DC2A1BA1C0474DA00C5FA48 /* ExampleProtocols.swift in Sources */ = {isa = PBXBuildFile; fileRef = 4DC2A1B91C0474DA00C5FA48 /* ExampleProtocols.swift */; };
		4DC2A1BD1C0474EA00C5FA48 /* ExampleStructs.swift in Sources */ = {isa = PBXBuildFile; fileRef = 4DC2A1BC1C0474EA00C5FA48 /* ExampleStructs.swift */; };
		4DC2A1BF1C0475C000C5FA48 /* AppDelegate.swift in Sources */ = {isa = PBXBuildFile; fileRef = 4DC2A1BE1C0475C000C5FA48 /* AppDelegate.swift */; };
/* End PBXBuildFile section */

/* Begin PBXFileReference section */
		4D359B981BFA11DA005A8AB8 /* FitureCompletionTests.app */ = {isa = PBXFileReference; explicitFileType = wrapper.application; includeInIndex = 0; path = FitureCompletionTests.app; sourceTree = BUILT_PRODUCTS_DIR; };
		4D359BA21BFA11DA005A8AB8 /* Info.plist */ = {isa = PBXFileReference; lastKnownFileType = text.plist.xml; path = Info.plist; sourceTree = "<group>"; };
		4D359BAC1BFA121A005A8AB8 /* CompletionTarget.swift */ = {isa = PBXFileReference; fileEncoding = 4; lastKnownFileType = sourcecode.swift; path = CompletionTarget.swift; sourceTree = "<group>"; };
		4DC2A1B91C0474DA00C5FA48 /* ExampleProtocols.swift */ = {isa = PBXFileReference; fileEncoding = 4; lastKnownFileType = sourcecode.swift; name = ExampleProtocols.swift; path = Classes/ExampleProtocols.swift; sourceTree = "<group>"; };
		4DC2A1BC1C0474EA00C5FA48 /* ExampleStructs.swift */ = {isa = PBXFileReference; fileEncoding = 4; lastKnownFileType = sourcecode.swift; name = ExampleStructs.swift; path = Classes/ExampleStructs.swift; sourceTree = "<group>"; };
		4DC2A1BE1C0475C000C5FA48 /* AppDelegate.swift */ = {isa = PBXFileReference; fileEncoding = 4; lastKnownFileType = sourcecode.swift; path = AppDelegate.swift; sourceTree = SOURCE_ROOT; };
/* End PBXFileReference section */

/* Begin PBXFrameworksBuildPhase section */
		4D359B951BFA11DA005A8AB8 /* Frameworks */ = {
			isa = PBXFrameworksBuildPhase;
			buildActionMask = 2147483647;
			files = (
			);
			runOnlyForDeploymentPostprocessing = 0;
		};
/* End PBXFrameworksBuildPhase section */

/* Begin PBXGroup section */
		4D359B8F1BFA11DA005A8AB8 = {
			isa = PBXGroup;
			children = (
				4D359B9A1BFA11DA005A8AB8 /* FitureCompletionTests */,
				4D359B991BFA11DA005A8AB8 /* Products */,
			);
			sourceTree = "<group>";
		};
		4D359B991BFA11DA005A8AB8 /* Products */ = {
			isa = PBXGroup;
			children = (
				4D359B981BFA11DA005A8AB8 /* FitureCompletionTests.app */,
			);
			name = Products;
			sourceTree = "<group>";
		};
		4D359B9A1BFA11DA005A8AB8 /* FitureCompletionTests */ = {
			isa = PBXGroup;
			children = (
				4DC2A1BB1C0474DE00C5FA48 /* Example */,
				4DC2A1B91C0474DA00C5FA48 /* ExampleProtocols.swift */,
				4DC2A1BE1C0475C000C5FA48 /* AppDelegate.swift */,
				4D359BA21BFA11DA005A8AB8 /* Info.plist */,
				4D359BAC1BFA121A005A8AB8 /* CompletionTarget.swift */,
			);
			path = FitureCompletionTests;
			sourceTree = "<group>";
		};
		4DC2A1BB1C0474DE00C5FA48 /* Example */ = {
			isa = PBXGroup;
			children = (
				4DC2A1BC1C0474EA00C5FA48 /* ExampleStructs.swift */,
			);
			name = Example;
			sourceTree = "<group>";
		};
/* End PBXGroup section */

/* Begin PBXNativeTarget section */
		4D359B971BFA11DA005A8AB8 /* FitureCompletionTests */ = {
			isa = PBXNativeTarget;
			buildConfigurationList = 4D359BA51BFA11DA005A8AB8 /* Build configuration list for PBXNativeTarget "FitureCompletionTests" */;
			buildPhases = (
				4D359B941BFA11DA005A8AB8 /* Sources */,
				4D359B951BFA11DA005A8AB8 /* Frameworks */,
				4D359B961BFA11DA005A8AB8 /* Resources */,
			);
			buildRules = (
			);
			dependencies = (
			);
			name = FitureCompletionTests;
			productName = FitureCompletionTests;
			productReference = 4D359B981BFA11DA005A8AB8 /* FitureCompletionTests.app */;
			productType = "com.apple.product-type.application";
		};
/* End PBXNativeTarget section */

/* Begin PBXProject section */
		4D359B901BFA11DA005A8AB8 /* Project object */ = {
			isa = PBXProject;
			attributes = {
				LastSwiftUpdateCheck = 0710;
				LastUpgradeCheck = 0710;
				ORGANIZATIONNAME = "Benedikt Terhechte";
				TargetAttributes = {
					4D359B971BFA11DA005A8AB8 = {
						CreatedOnToolsVersion = 7.1;
					};
				};
			};
			buildConfigurationList = 4D359B931BFA11DA005A8AB8 /* Build configuration list for PBXProject "FitureCompletionTests" */;
			compatibilityVersion = "Xcode 3.2";
			developmentRegion = English;
			hasScannedForEncodings = 0;
			knownRegions = (
				en,
				Base,
			);
			mainGroup = 4D359B8F1BFA11DA005A8AB8;
			productRefGroup = 4D359B991BFA11DA005A8AB8 /* Products */;
			projectDirPath = "";
			projectRoot = "";
			targets = (
				4D359B971BFA11DA005A8AB8 /* FitureCompletionTests */,
			);
		};
/* End PBXProject section */

/* Begin PBXResourcesBuildPhase section */
		4D359B961BFA11DA005A8AB8 /* Resources */ = {
			isa = PBXResourcesBuildPhase;
			buildActionMask = 2147483647;
			files = (
			);
			runOnlyForDeploymentPostprocessing = 0;
		};
/* End PBXResourcesBuildPhase section */

/* Begin PBXSourcesBuildPhase section */
		4D359B941BFA11DA005A8AB8 /* Sources */ = {
			isa = PBXSourcesBuildPhase;
			buildActionMask = 2147483647;
			files = (
				4DC2A1BF1C0475C000C5FA48 /* AppDelegate.swift in Sources */,
				4DC2A1BA1C0474DA00C5FA48 /* ExampleProtocols.swift in Sources */,
				4D359BAD1BFA121B005A8AB8 /* CompletionTarget.swift in Sources */,
				4DC2A1BD1C0474EA00C5FA48 /* ExampleStructs.swift in Sources */,
			);
			runOnlyForDeploymentPostprocessing = 0;
		};
/* End PBXSourcesBuildPhase section */

/* Begin XCBuildConfiguration section */
		4D359BA31BFA11DA005A8AB8 /* Debug */ = {
			isa = XCBuildConfiguration;
			buildSettings = {
				ALWAYS_SEARCH_USER_PATHS = NO;
				CLANG_CXX_LANGUAGE_STANDARD = "gnu++0x";
				CLANG_CXX_LIBRARY = "libc++";
				CLANG_ENABLE_MODULES = YES;
				CLANG_ENABLE_OBJC_ARC = YES;
				CLANG_WARN_BOOL_CONVERSION = YES;
				CLANG_WARN_CONSTANT_CONVERSION = YES;
				CLANG_WARN_DIRECT_OBJC_ISA_USAGE = YES_ERROR;
				CLANG_WARN_EMPTY_BODY = YES;
				CLANG_WARN_ENUM_CONVERSION = YES;
				CLANG_WARN_INT_CONVERSION = YES;
				CLANG_WARN_OBJC_ROOT_CLASS = YES_ERROR;
				CLANG_WARN_UNREACHABLE_CODE = YES;
				CLANG_WARN__DUPLICATE_METHOD_MATCH = YES;
				CODE_SIGN_IDENTITY = "-";
				COPY_PHASE_STRIP = NO;
				DEBUG_INFORMATION_FORMAT = dwarf;
				ENABLE_STRICT_OBJC_MSGSEND = YES;
				ENABLE_TESTABILITY = YES;
				GCC_C_LANGUAGE_STANDARD = gnu99;
				GCC_DYNAMIC_NO_PIC = NO;
				GCC_NO_COMMON_BLOCKS = YES;
				GCC_OPTIMIZATION_LEVEL = 0;
				GCC_PREPROCESSOR_DEFINITIONS = (
					"DEBUG=1",
					"$(inherited)",
				);
				GCC_WARN_64_TO_32_BIT_CONVERSION = YES;
				GCC_WARN_ABOUT_RETURN_TYPE = YES_ERROR;
				GCC_WARN_UNDECLARED_SELECTOR = YES;
				GCC_WARN_UNINITIALIZED_AUTOS = YES_AGGRESSIVE;
				GCC_WARN_UNUSED_FUNCTION = YES;
				GCC_WARN_UNUSED_VARIABLE = YES;
				MACOSX_DEPLOYMENT_TARGET = 10.10;
				MTL_ENABLE_DEBUG_INFO = YES;
				ONLY_ACTIVE_ARCH = YES;
				SDKROOT = macosx;
				SWIFT_OPTIMIZATION_LEVEL = "-Onone";
			};
			name = Debug;
		};
		4D359BA41BFA11DA005A8AB8 /* Release */ = {
			isa = XCBuildConfiguration;
			buildSettings = {
				ALWAYS_SEARCH_USER_PATHS = NO;
				CLANG_CXX_LANGUAGE_STANDARD = "gnu++0x";
				CLANG_CXX_LIBRARY = "libc++";
				CLANG_ENABLE_MODULES = YES;
				CLANG_ENABLE_OBJC_ARC = YES;
				CLANG_WARN_BOOL_CONVERSION = YES;
				CLANG_WARN_CONSTANT_CONVERSION = YES;
				CLANG_WARN_DIRECT_OBJC_ISA_USAGE = YES_ERROR;
				CLANG_WARN_EMPTY_BODY = YES;
				CLANG_WARN_ENUM_CONVERSION = YES;
				CLANG_WARN_INT_CONVERSION = YES;
				CLANG_WARN_OBJC_ROOT_CLASS = YES_ERROR;
				CLANG_WARN_UNREACHABLE_CODE = YES;
				CLANG_WARN__DUPLICATE_METHOD_MATCH = YES;
				CODE_SIGN_IDENTITY = "-";
				COPY_PHASE_STRIP = NO;
				DEBUG_INFORMATION_FORMAT = "dwarf-with-dsym";
				ENABLE_NS_ASSERTIONS = NO;
				ENABLE_STRICT_OBJC_MSGSEND = YES;
				GCC_C_LANGUAGE_STANDARD = gnu99;
				GCC_NO_COMMON_BLOCKS = YES;
				GCC_WARN_64_TO_32_BIT_CONVERSION = YES;
				GCC_WARN_ABOUT_RETURN_TYPE = YES_ERROR;
				GCC_WARN_UNDECLARED_SELECTOR = YES;
				GCC_WARN_UNINITIALIZED_AUTOS = YES_AGGRESSIVE;
				GCC_WARN_UNUSED_FUNCTION = YES;
				GCC_WARN_UNUSED_VARIABLE = YES;
				MACOSX_DEPLOYMENT_TARGET = 10.10;
				MTL_ENABLE_DEBUG_INFO = NO;
				SDKROOT = macosx;
			};
			name = Release;
		};
		4D359BA61BFA11DA005A8AB8 /* Debug */ = {
			isa = XCBuildConfiguration;
			buildSettings = {
				ASSETCATALOG_COMPILER_APPICON_NAME = AppIcon;
				COMBINE_HIDPI_IMAGES = YES;
				INFOPLIST_FILE = FitureCompletionTests/Info.plist;
				LD_RUNPATH_SEARCH_PATHS = "$(inherited) @executable_path/../Frameworks";
				PRODUCT_BUNDLE_IDENTIFIER = com.stylemac.FitureCompletionTests;
				PRODUCT_NAME = "$(TARGET_NAME)";
			};
			name = Debug;
		};
		4D359BA71BFA11DA005A8AB8 /* Release */ = {
			isa = XCBuildConfiguration;
			buildSettings = {
				ASSETCATALOG_COMPILER_APPICON_NAME = AppIcon;
				COMBINE_HIDPI_IMAGES = YES;
				INFOPLIST_FILE = FitureCompletionTests/Info.plist;
				LD_RUNPATH_SEARCH_PATHS = "$(inherited) @executable_path/../Frameworks";
				PRODUCT_BUNDLE_IDENTIFIER = com.stylemac.FitureCompletionTests;
				PRODUCT_NAME = "$(TARGET_NAME)";
			};
			name = Release;
		};
/* End XCBuildConfiguration section */

/* Begin XCConfigurationList section */
		4D359B931BFA11DA005A8AB8 /* Build configuration list for PBXProject "FitureCompletionTests" */ = {
			isa = XCConfigurationList;
			buildConfigurations = (
				4D359BA31BFA11DA005A8AB8 /* Debug */,
				4D359BA41BFA11DA005A8AB8 /* Release */,
			);
			defaultConfigurationIsVisible = 0;
			defaultConfigurationName = Release;
		};
		4D359BA51BFA11DA005A8AB8 /* Build configuration list for PBXNativeTarget "FitureCompletionTests" */ = {
			isa = XCConfigurationList;
			buildConfigurations = (
				4D359BA61BFA11DA005A8AB8 /* Debug */,
				4D359BA71BFA11DA005A8AB8 /* Release */,
			);
			defaultConfigurationIsVisible = 0;
			defaultConfigurationName = Release;
		};
/* End XCConfigurationList section */
	};
	rootObject = 4D359B901BFA11DA005A8AB8 /* Project object */;
}
